
Microsoft Visual Studio Solution File, Format Version 12.00
# Visual Studio 15
VisualStudioVersion = 15.0.27703.2000
MinimumVisualStudioVersion = 10.0.40219.1
Project("{2150E333-8FDC-42A3-9474-1A3956D46DE8}") = "Engine", "Engine", "{22BDDC17-6875-4A00-9048-2B9871F8732A}"
EndProject
Project("{2150E333-8FDC-42A3-9474-1A3956D46DE8}") = "Games", "Games", "{7E8FB4CF-D29E-4013-AF20-226F63F0597A}"
EndProject
Project("{8BC9CEB8-8B4A-11D0-8D11-00A0C91BC942}") = "UE4", "Intermediate\ProjectFiles\UE4.vcxproj", "{1530B9E2-5B8C-428B-A31E-E67EE0C93BBE}"
EndProject
Project("{8BC9CEB8-8B4A-11D0-8D11-00A0C91BC942}") = "TestIB_V19", "Intermediate\ProjectFiles\TestIB_V19.vcxproj", "{B4ED9048-D64F-445C-BACC-1731348470D6}"
EndProject
Global
	GlobalSection(SolutionConfigurationPlatforms) = preSolution
		DebugGame Editor|Android = DebugGame Editor|Android
		DebugGame Editor|HTML5 = DebugGame Editor|HTML5
		DebugGame Editor|IOS = DebugGame Editor|IOS
		DebugGame Editor|Win32 = DebugGame Editor|Win32
		DebugGame Editor|Win64 = DebugGame Editor|Win64
		DebugGame|Android = DebugGame|Android
		DebugGame|HTML5 = DebugGame|HTML5
		DebugGame|IOS = DebugGame|IOS
		DebugGame|Win32 = DebugGame|Win32
		DebugGame|Win64 = DebugGame|Win64
		Development Editor|Android = Development Editor|Android
		Development Editor|HTML5 = Development Editor|HTML5
		Development Editor|IOS = Development Editor|IOS
		Development Editor|Win32 = Development Editor|Win32
		Development Editor|Win64 = Development Editor|Win64
		Development|Android = Development|Android
		Development|HTML5 = Development|HTML5
		Development|IOS = Development|IOS
		Development|Win32 = Development|Win32
		Development|Win64 = Development|Win64
		Shipping|Android = Shipping|Android
		Shipping|HTML5 = Shipping|HTML5
		Shipping|IOS = Shipping|IOS
		Shipping|Win32 = Shipping|Win32
		Shipping|Win64 = Shipping|Win64
	EndGlobalSection
	GlobalSection(ProjectConfigurationPlatforms) = postSolution
		{1530B9E2-5B8C-428B-A31E-E67EE0C93BBE}.DebugGame Editor|Android.ActiveCfg = BuiltWithUnrealBuildTool|Win32
		{1530B9E2-5B8C-428B-A31E-E67EE0C93BBE}.DebugGame Editor|Android.Build.0 = BuiltWithUnrealBuildTool|Win32
		{1530B9E2-5B8C-428B-A31E-E67EE0C93BBE}.DebugGame Editor|HTML5.ActiveCfg = BuiltWithUnrealBuildTool|Win32
		{1530B9E2-5B8C-428B-A31E-E67EE0C93BBE}.DebugGame Editor|HTML5.Build.0 = BuiltWithUnrealBuildTool|Win32
		{1530B9E2-5B8C-428B-A31E-E67EE0C93BBE}.DebugGame Editor|IOS.ActiveCfg = BuiltWithUnrealBuildTool|Win32
		{1530B9E2-5B8C-428B-A31E-E67EE0C93BBE}.DebugGame Editor|IOS.Build.0 = BuiltWithUnrealBuildTool|Win32
		{1530B9E2-5B8C-428B-A31E-E67EE0C93BBE}.DebugGame Editor|Win32.ActiveCfg = BuiltWithUnrealBuildTool|Win32
		{1530B9E2-5B8C-428B-A31E-E67EE0C93BBE}.DebugGame Editor|Win32.Build.0 = BuiltWithUnrealBuildTool|Win32
		{1530B9E2-5B8C-428B-A31E-E67EE0C93BBE}.DebugGame Editor|Win64.ActiveCfg = BuiltWithUnrealBuildTool|Win32
		{1530B9E2-5B8C-428B-A31E-E67EE0C93BBE}.DebugGame Editor|Win64.Build.0 = BuiltWithUnrealBuildTool|Win32
		{1530B9E2-5B8C-428B-A31E-E67EE0C93BBE}.DebugGame|Android.ActiveCfg = BuiltWithUnrealBuildTool|Win32
		{1530B9E2-5B8C-428B-A31E-E67EE0C93BBE}.DebugGame|Android.Build.0 = BuiltWithUnrealBuildTool|Win32
		{1530B9E2-5B8C-428B-A31E-E67EE0C93BBE}.DebugGame|HTML5.ActiveCfg = BuiltWithUnrealBuildTool|Win32
		{1530B9E2-5B8C-428B-A31E-E67EE0C93BBE}.DebugGame|HTML5.Build.0 = BuiltWithUnrealBuildTool|Win32
		{1530B9E2-5B8C-428B-A31E-E67EE0C93BBE}.DebugGame|IOS.ActiveCfg = BuiltWithUnrealBuildTool|Win32
		{1530B9E2-5B8C-428B-A31E-E67EE0C93BBE}.DebugGame|IOS.Build.0 = BuiltWithUnrealBuildTool|Win32
		{1530B9E2-5B8C-428B-A31E-E67EE0C93BBE}.DebugGame|Win32.ActiveCfg = BuiltWithUnrealBuildTool|Win32
		{1530B9E2-5B8C-428B-A31E-E67EE0C93BBE}.DebugGame|Win32.Build.0 = BuiltWithUnrealBuildTool|Win32
		{1530B9E2-5B8C-428B-A31E-E67EE0C93BBE}.DebugGame|Win64.ActiveCfg = BuiltWithUnrealBuildTool|Win32
		{1530B9E2-5B8C-428B-A31E-E67EE0C93BBE}.DebugGame|Win64.Build.0 = BuiltWithUnrealBuildTool|Win32
		{1530B9E2-5B8C-428B-A31E-E67EE0C93BBE}.Development Editor|Android.ActiveCfg = BuiltWithUnrealBuildTool|Win32
		{1530B9E2-5B8C-428B-A31E-E67EE0C93BBE}.Development Editor|Android.Build.0 = BuiltWithUnrealBuildTool|Win32
		{1530B9E2-5B8C-428B-A31E-E67EE0C93BBE}.Development Editor|HTML5.ActiveCfg = BuiltWithUnrealBuildTool|Win32
		{1530B9E2-5B8C-428B-A31E-E67EE0C93BBE}.Development Editor|HTML5.Build.0 = BuiltWithUnrealBuildTool|Win32
		{1530B9E2-5B8C-428B-A31E-E67EE0C93BBE}.Development Editor|IOS.ActiveCfg = BuiltWithUnrealBuildTool|Win32
		{1530B9E2-5B8C-428B-A31E-E67EE0C93BBE}.Development Editor|IOS.Build.0 = BuiltWithUnrealBuildTool|Win32
		{1530B9E2-5B8C-428B-A31E-E67EE0C93BBE}.Development Editor|Win32.ActiveCfg = BuiltWithUnrealBuildTool|Win32
		{1530B9E2-5B8C-428B-A31E-E67EE0C93BBE}.Development Editor|Win32.Build.0 = BuiltWithUnrealBuildTool|Win32
		{1530B9E2-5B8C-428B-A31E-E67EE0C93BBE}.Development Editor|Win64.ActiveCfg = BuiltWithUnrealBuildTool|Win32
		{1530B9E2-5B8C-428B-A31E-E67EE0C93BBE}.Development Editor|Win64.Build.0 = BuiltWithUnrealBuildTool|Win32
		{1530B9E2-5B8C-428B-A31E-E67EE0C93BBE}.Development|Android.ActiveCfg = BuiltWithUnrealBuildTool|Win32
		{1530B9E2-5B8C-428B-A31E-E67EE0C93BBE}.Development|Android.Build.0 = BuiltWithUnrealBuildTool|Win32
		{1530B9E2-5B8C-428B-A31E-E67EE0C93BBE}.Development|HTML5.ActiveCfg = BuiltWithUnrealBuildTool|Win32
		{1530B9E2-5B8C-428B-A31E-E67EE0C93BBE}.Development|HTML5.Build.0 = BuiltWithUnrealBuildTool|Win32
		{1530B9E2-5B8C-428B-A31E-E67EE0C93BBE}.Development|IOS.ActiveCfg = BuiltWithUnrealBuildTool|Win32
		{1530B9E2-5B8C-428B-A31E-E67EE0C93BBE}.Development|IOS.Build.0 = BuiltWithUnrealBuildTool|Win32
		{1530B9E2-5B8C-428B-A31E-E67EE0C93BBE}.Development|Win32.ActiveCfg = BuiltWithUnrealBuildTool|Win32
		{1530B9E2-5B8C-428B-A31E-E67EE0C93BBE}.Development|Win32.Build.0 = BuiltWithUnrealBuildTool|Win32
		{1530B9E2-5B8C-428B-A31E-E67EE0C93BBE}.Development|Win64.ActiveCfg = BuiltWithUnrealBuildTool|Win32
		{1530B9E2-5B8C-428B-A31E-E67EE0C93BBE}.Development|Win64.Build.0 = BuiltWithUnrealBuildTool|Win32
		{1530B9E2-5B8C-428B-A31E-E67EE0C93BBE}.Shipping|Android.ActiveCfg = BuiltWithUnrealBuildTool|Win32
		{1530B9E2-5B8C-428B-A31E-E67EE0C93BBE}.Shipping|Android.Build.0 = BuiltWithUnrealBuildTool|Win32
		{1530B9E2-5B8C-428B-A31E-E67EE0C93BBE}.Shipping|HTML5.ActiveCfg = BuiltWithUnrealBuildTool|Win32
		{1530B9E2-5B8C-428B-A31E-E67EE0C93BBE}.Shipping|HTML5.Build.0 = BuiltWithUnrealBuildTool|Win32
		{1530B9E2-5B8C-428B-A31E-E67EE0C93BBE}.Shipping|IOS.ActiveCfg = BuiltWithUnrealBuildTool|Win32
		{1530B9E2-5B8C-428B-A31E-E67EE0C93BBE}.Shipping|IOS.Build.0 = BuiltWithUnrealBuildTool|Win32
		{1530B9E2-5B8C-428B-A31E-E67EE0C93BBE}.Shipping|Win32.ActiveCfg = BuiltWithUnrealBuildTool|Win32
		{1530B9E2-5B8C-428B-A31E-E67EE0C93BBE}.Shipping|Win32.Build.0 = BuiltWithUnrealBuildTool|Win32
		{1530B9E2-5B8C-428B-A31E-E67EE0C93BBE}.Shipping|Win64.ActiveCfg = BuiltWithUnrealBuildTool|Win32
		{1530B9E2-5B8C-428B-A31E-E67EE0C93BBE}.Shipping|Win64.Build.0 = BuiltWithUnrealBuildTool|Win32
		{B4ED9048-D64F-445C-BACC-1731348470D6}.DebugGame Editor|Android.ActiveCfg = DebugGame_Editor|Tegra-Android
		{B4ED9048-D64F-445C-BACC-1731348470D6}.DebugGame Editor|HTML5.ActiveCfg = HTML5_DebugGame_Editor|Win32
		{B4ED9048-D64F-445C-BACC-1731348470D6}.DebugGame Editor|IOS.ActiveCfg = IOS_DebugGame_Editor|Win32
		{B4ED9048-D64F-445C-BACC-1731348470D6}.DebugGame Editor|Win32.ActiveCfg = DebugGame_Editor|Win32
		{B4ED9048-D64F-445C-BACC-1731348470D6}.DebugGame Editor|Win64.ActiveCfg = DebugGame_Editor|x64
		{B4ED9048-D64F-445C-BACC-1731348470D6}.DebugGame Editor|Win64.Build.0 = DebugGame_Editor|x64
		{B4ED9048-D64F-445C-BACC-1731348470D6}.DebugGame|Android.ActiveCfg = DebugGame_Game|Tegra-Android
		{B4ED9048-D64F-445C-BACC-1731348470D6}.DebugGame|Android.Build.0 = DebugGame_Game|Tegra-Android
		{B4ED9048-D64F-445C-BACC-1731348470D6}.DebugGame|HTML5.ActiveCfg = HTML5_DebugGame_Game|Win32
		{B4ED9048-D64F-445C-BACC-1731348470D6}.DebugGame|HTML5.Build.0 = HTML5_DebugGame_Game|Win32
		{B4ED9048-D64F-445C-BACC-1731348470D6}.DebugGame|IOS.ActiveCfg = IOS_DebugGame_Game|Win32
		{B4ED9048-D64F-445C-BACC-1731348470D6}.DebugGame|IOS.Build.0 = IOS_DebugGame_Game|Win32
		{B4ED9048-D64F-445C-BACC-1731348470D6}.DebugGame|Win32.ActiveCfg = DebugGame_Game|Win32
		{B4ED9048-D64F-445C-BACC-1731348470D6}.DebugGame|Win32.Build.0 = DebugGame_Game|Win32
		{B4ED9048-D64F-445C-BACC-1731348470D6}.DebugGame|Win64.ActiveCfg = DebugGame_Game|x64
		{B4ED9048-D64F-445C-BACC-1731348470D6}.DebugGame|Win64.Build.0 = DebugGame_Game|x64
		{B4ED9048-D64F-445C-BACC-1731348470D6}.Development Editor|Android.ActiveCfg = Development_Editor|Tegra-Android
		{B4ED9048-D64F-445C-BACC-1731348470D6}.Development Editor|HTML5.ActiveCfg = HTML5_Development_Editor|Win32
		{B4ED9048-D64F-445C-BACC-1731348470D6}.Development Editor|IOS.ActiveCfg = IOS_Development_Editor|Win32
		{B4ED9048-D64F-445C-BACC-1731348470D6}.Development Editor|Win32.ActiveCfg = Development_Editor|Win32
		{B4ED9048-D64F-445C-BACC-1731348470D6}.Development Editor|Win64.ActiveCfg = Development_Editor|x64
		{B4ED9048-D64F-445C-BACC-1731348470D6}.Development Editor|Win64.Build.0 = Development_Editor|x64
		{B4ED9048-D64F-445C-BACC-1731348470D6}.Development|Android.ActiveCfg = Development_Game|Tegra-Android
		{B4ED9048-D64F-445C-BACC-1731348470D6}.Development|Android.Build.0 = Development_Game|Tegra-Android
		{B4ED9048-D64F-445C-BACC-1731348470D6}.Development|HTML5.ActiveCfg = HTML5_Development_Game|Win32
		{B4ED9048-D64F-445C-BACC-1731348470D6}.Development|HTML5.Build.0 = HTML5_Development_Game|Win32
		{B4ED9048-D64F-445C-BACC-1731348470D6}.Development|IOS.ActiveCfg = IOS_Development_Game|Win32
		{B4ED9048-D64F-445C-BACC-1731348470D6}.Development|IOS.Build.0 = IOS_Development_Game|Win32
		{B4ED9048-D64F-445C-BACC-1731348470D6}.Development|Win32.ActiveCfg = Development_Game|Win32
		{B4ED9048-D64F-445C-BACC-1731348470D6}.Development|Win32.Build.0 = Development_Game|Win32
		{B4ED9048-D64F-445C-BACC-1731348470D6}.Development|Win64.ActiveCfg = Development_Game|x64
		{B4ED9048-D64F-445C-BACC-1731348470D6}.Development|Win64.Build.0 = Development_Game|x64
		{B4ED9048-D64F-445C-BACC-1731348470D6}.Shipping|Android.ActiveCfg = Shipping_Game|Tegra-Android
		{B4ED9048-D64F-445C-BACC-1731348470D6}.Shipping|Android.Build.0 = Shipping_Game|Tegra-Android
		{B4ED9048-D64F-445C-BACC-1731348470D6}.Shipping|HTML5.ActiveCfg = HTML5_Shipping_Game|Win32
		{B4ED9048-D64F-445C-BACC-1731348470D6}.Shipping|HTML5.Build.0 = HTML5_Shipping_Game|Win32
		{B4ED9048-D64F-445C-BACC-1731348470D6}.Shipping|IOS.ActiveCfg = IOS_Shipping_Game|Win32
		{B4ED9048-D64F-445C-BACC-1731348470D6}.Shipping|IOS.Build.0 = IOS_Shipping_Game|Win32
		{B4ED9048-D64F-445C-BACC-1731348470D6}.Shipping|Win32.ActiveCfg = Shipping_Game|Win32
		{B4ED9048-D64F-445C-BACC-1731348470D6}.Shipping|Win32.Build.0 = Shipping_Game|Win32
		{B4ED9048-D64F-445C-BACC-1731348470D6}.Shipping|Win64.ActiveCfg = Shipping_Game|x64
		{B4ED9048-D64F-445C-BACC-1731348470D6}.Shipping|Win64.Build.0 = Shipping_Game|x64
	EndGlobalSection
	GlobalSection(SolutionProperties) = preSolution
		HideSolutionNode = FALSE
	EndGlobalSection
	GlobalSection(NestedProjects) = preSolution
		{1530B9E2-5B8C-428B-A31E-E67EE0C93BBE} = {22BDDC17-6875-4A00-9048-2B9871F8732A}
		{B4ED9048-D64F-445C-BACC-1731348470D6} = {7E8FB4CF-D29E-4013-AF20-226F63F0597A}
	EndGlobalSection
	GlobalSection(ExtensibilityGlobals) = postSolution
		SolutionGuid = {78802E0C-A806-498E-800A-128EFADF4F24}
	EndGlobalSection
EndGlobal
